// !$*UTF8*$!
{
	archiveVersion = 1;
	classes = {
	};
	objectVersion = 56;
	objects = {

/* Begin PBXBuildFile section */
		A704C46C2AF07F79005F7F04 /* SettingsView.swift in Sources */ = {isa = PBXBuildFile; fileRef = A704C46B2AF07F79005F7F04 /* SettingsView.swift */; };
		A704C46D2AF07F79005F7F04 /* SettingsView.swift in Sources */ = {isa = PBXBuildFile; fileRef = A704C46B2AF07F79005F7F04 /* SettingsView.swift */; };
		A704C46E2AF07F79005F7F04 /* SettingsView.swift in Sources */ = {isa = PBXBuildFile; fileRef = A704C46B2AF07F79005F7F04 /* SettingsView.swift */; };
		A70E9E872AFD7564007C4717 /* TextStyleCleanerView.swift in Sources */ = {isa = PBXBuildFile; fileRef = A70E9E862AFD7564007C4717 /* TextStyleCleanerView.swift */; };
		A70E9E882AFD7564007C4717 /* TextStyleCleanerView.swift in Sources */ = {isa = PBXBuildFile; fileRef = A70E9E862AFD7564007C4717 /* TextStyleCleanerView.swift */; };
		A70E9E892AFD7564007C4717 /* TextStyleCleanerView.swift in Sources */ = {isa = PBXBuildFile; fileRef = A70E9E862AFD7564007C4717 /* TextStyleCleanerView.swift */; };
		A730DE702AF02F4700FB2E33 /* ContentView.swift in Sources */ = {isa = PBXBuildFile; fileRef = A730DE6F2AF02F4700FB2E33 /* ContentView.swift */; };
		A730DE712AF02F4700FB2E33 /* ContentView.swift in Sources */ = {isa = PBXBuildFile; fileRef = A730DE6F2AF02F4700FB2E33 /* ContentView.swift */; };
		A730DE722AF02F4700FB2E33 /* ContentView.swift in Sources */ = {isa = PBXBuildFile; fileRef = A730DE6F2AF02F4700FB2E33 /* ContentView.swift */; };
		A7395B772AF66D2200AC5DBC /* TextStyleCleaner.swift in Sources */ = {isa = PBXBuildFile; fileRef = A7395B762AF66D2200AC5DBC /* TextStyleCleaner.swift */; };
		A7395B782AF66D2200AC5DBC /* TextStyleCleaner.swift in Sources */ = {isa = PBXBuildFile; fileRef = A7395B762AF66D2200AC5DBC /* TextStyleCleaner.swift */; };
		A7395B792AF66D2200AC5DBC /* TextStyleCleaner.swift in Sources */ = {isa = PBXBuildFile; fileRef = A7395B762AF66D2200AC5DBC /* TextStyleCleaner.swift */; };
		A7395B7B2AF678D800AC5DBC /* HotKeyController.swift in Sources */ = {isa = PBXBuildFile; fileRef = A7395B7A2AF678D800AC5DBC /* HotKeyController.swift */; };
		A7395B7C2AF678D800AC5DBC /* HotKeyController.swift in Sources */ = {isa = PBXBuildFile; fileRef = A7395B7A2AF678D800AC5DBC /* HotKeyController.swift */; };
		A7395B7D2AF678D800AC5DBC /* HotKeyController.swift in Sources */ = {isa = PBXBuildFile; fileRef = A7395B7A2AF678D800AC5DBC /* HotKeyController.swift */; };
		A7395B802AF6B3BF00AC5DBC /* HotKey in Frameworks */ = {isa = PBXBuildFile; productRef = A7395B7F2AF6B3BF00AC5DBC /* HotKey */; };
		A7395B822AF6DAEB00AC5DBC /* Documentation.docc in Sources */ = {isa = PBXBuildFile; fileRef = A7395B812AF6DAEB00AC5DBC /* Documentation.docc */; };
		A7395B832AF6DAEB00AC5DBC /* Documentation.docc in Sources */ = {isa = PBXBuildFile; fileRef = A7395B812AF6DAEB00AC5DBC /* Documentation.docc */; };
		A7395B842AF6DAEB00AC5DBC /* Documentation.docc in Sources */ = {isa = PBXBuildFile; fileRef = A7395B812AF6DAEB00AC5DBC /* Documentation.docc */; };
		A7395B862AF6DC1E00AC5DBC /* jsonUI.json in Resources */ = {isa = PBXBuildFile; fileRef = A7395B852AF6DC1E00AC5DBC /* jsonUI.json */; };
		A7395B872AF6DC1E00AC5DBC /* jsonUI.json in Resources */ = {isa = PBXBuildFile; fileRef = A7395B852AF6DC1E00AC5DBC /* jsonUI.json */; };
		A7395B882AF6DC1E00AC5DBC /* jsonUI.json in Resources */ = {isa = PBXBuildFile; fileRef = A7395B852AF6DC1E00AC5DBC /* jsonUI.json */; };
		A77AE3852AF014B700F42C32 /* UtilitesApp.swift in Sources */ = {isa = PBXBuildFile; fileRef = A77AE3842AF014B700F42C32 /* UtilitesApp.swift */; };
		A77AE3892AF014B800F42C32 /* Assets.xcassets in Resources */ = {isa = PBXBuildFile; fileRef = A77AE3882AF014B800F42C32 /* Assets.xcassets */; };
		A77AE38C2AF014B800F42C32 /* Preview Assets.xcassets in Resources */ = {isa = PBXBuildFile; fileRef = A77AE38B2AF014B800F42C32 /* Preview Assets.xcassets */; };
		A77AE3972AF014B800F42C32 /* UtilitesTests.swift in Sources */ = {isa = PBXBuildFile; fileRef = A77AE3962AF014B800F42C32 /* UtilitesTests.swift */; };
		A77AE3A12AF014B800F42C32 /* UtilitesUITests.swift in Sources */ = {isa = PBXBuildFile; fileRef = A77AE3A02AF014B800F42C32 /* UtilitesUITests.swift */; };
		A77AE3A32AF014B800F42C32 /* UtilitesUITestsLaunchTests.swift in Sources */ = {isa = PBXBuildFile; fileRef = A77AE3A22AF014B800F42C32 /* UtilitesUITestsLaunchTests.swift */; };
		A77AE3BA2AF01A2F00F42C32 /* ColorPicker.swift in Sources */ = {isa = PBXBuildFile; fileRef = A77AE3B92AF01A2F00F42C32 /* ColorPicker.swift */; };
		A77AE3BB2AF01A2F00F42C32 /* ColorPicker.swift in Sources */ = {isa = PBXBuildFile; fileRef = A77AE3B92AF01A2F00F42C32 /* ColorPicker.swift */; };
		A77AE3BC2AF01A2F00F42C32 /* ColorPicker.swift in Sources */ = {isa = PBXBuildFile; fileRef = A77AE3B92AF01A2F00F42C32 /* ColorPicker.swift */; };
		A7AAD3A22AFE96B100EBAFD4 /* ViewLayouter.swift in Sources */ = {isa = PBXBuildFile; fileRef = A7AAD3A12AFE96B100EBAFD4 /* ViewLayouter.swift */; };
		A7AAD3A42AFE96D000EBAFD4 /* ViewLayoutView.swift in Sources */ = {isa = PBXBuildFile; fileRef = A7AAD3A32AFE96D000EBAFD4 /* ViewLayoutView.swift */; };
		A7CEED622B013F1700A886FF /* ImageSizeChangerView.swift in Sources */ = {isa = PBXBuildFile; fileRef = A7CEED612B013F1700A886FF /* ImageSizeChangerView.swift */; };
		A7F25D692AF0353500AC0EBF /* ColorPickerView.swift in Sources */ = {isa = PBXBuildFile; fileRef = A7F25D682AF0353500AC0EBF /* ColorPickerView.swift */; };
		A7F25D6A2AF0353500AC0EBF /* ColorPickerView.swift in Sources */ = {isa = PBXBuildFile; fileRef = A7F25D682AF0353500AC0EBF /* ColorPickerView.swift */; };
		A7F25D6B2AF0353500AC0EBF /* ColorPickerView.swift in Sources */ = {isa = PBXBuildFile; fileRef = A7F25D682AF0353500AC0EBF /* ColorPickerView.swift */; };
		A7F25DDF2AF044E400AC0EBF /* Tools.swift in Sources */ = {isa = PBXBuildFile; fileRef = A7F25DDE2AF044E400AC0EBF /* Tools.swift */; };
		A7F25DE02AF044E400AC0EBF /* Tools.swift in Sources */ = {isa = PBXBuildFile; fileRef = A7F25DDE2AF044E400AC0EBF /* Tools.swift */; };
		A7F25DE12AF044E400AC0EBF /* Tools.swift in Sources */ = {isa = PBXBuildFile; fileRef = A7F25DDE2AF044E400AC0EBF /* Tools.swift */; };
/* End PBXBuildFile section */

/* Begin PBXContainerItemProxy section */
		A77AE3932AF014B800F42C32 /* PBXContainerItemProxy */ = {
			isa = PBXContainerItemProxy;
			containerPortal = A77AE3792AF014B700F42C32 /* Project object */;
			proxyType = 1;
			remoteGlobalIDString = A77AE3802AF014B700F42C32;
			remoteInfo = Utilites;
		};
		A77AE39D2AF014B800F42C32 /* PBXContainerItemProxy */ = {
			isa = PBXContainerItemProxy;
			containerPortal = A77AE3792AF014B700F42C32 /* Project object */;
			proxyType = 1;
			remoteGlobalIDString = A77AE3802AF014B700F42C32;
			remoteInfo = Utilites;
		};
/* End PBXContainerItemProxy section */

/* Begin PBXFileReference section */
		A704C46B2AF07F79005F7F04 /* SettingsView.swift */ = {isa = PBXFileReference; lastKnownFileType = sourcecode.swift; path = SettingsView.swift; sourceTree = "<group>"; };
		A70E9E862AFD7564007C4717 /* TextStyleCleanerView.swift */ = {isa = PBXFileReference; lastKnownFileType = sourcecode.swift; path = TextStyleCleanerView.swift; sourceTree = "<group>"; };
		A730DE6F2AF02F4700FB2E33 /* ContentView.swift */ = {isa = PBXFileReference; lastKnownFileType = sourcecode.swift; path = ContentView.swift; sourceTree = "<group>"; };
		A7395B762AF66D2200AC5DBC /* TextStyleCleaner.swift */ = {isa = PBXFileReference; lastKnownFileType = sourcecode.swift; path = TextStyleCleaner.swift; sourceTree = "<group>"; };
		A7395B7A2AF678D800AC5DBC /* HotKeyController.swift */ = {isa = PBXFileReference; lastKnownFileType = sourcecode.swift; path = HotKeyController.swift; sourceTree = "<group>"; };
		A7395B812AF6DAEB00AC5DBC /* Documentation.docc */ = {isa = PBXFileReference; lastKnownFileType = folder.documentationcatalog; path = Documentation.docc; sourceTree = "<group>"; };
		A7395B852AF6DC1E00AC5DBC /* jsonUI.json */ = {isa = PBXFileReference; explicitFileType = text.json; path = jsonUI.json; sourceTree = "<group>"; };
		A77AE3812AF014B700F42C32 /* Utilites.app */ = {isa = PBXFileReference; explicitFileType = wrapper.application; includeInIndex = 0; path = Utilites.app; sourceTree = BUILT_PRODUCTS_DIR; };
		A77AE3842AF014B700F42C32 /* UtilitesApp.swift */ = {isa = PBXFileReference; lastKnownFileType = sourcecode.swift; path = UtilitesApp.swift; sourceTree = "<group>"; };
		A77AE3882AF014B800F42C32 /* Assets.xcassets */ = {isa = PBXFileReference; lastKnownFileType = folder.assetcatalog; path = Assets.xcassets; sourceTree = "<group>"; };
		A77AE38B2AF014B800F42C32 /* Preview Assets.xcassets */ = {isa = PBXFileReference; lastKnownFileType = folder.assetcatalog; path = "Preview Assets.xcassets"; sourceTree = "<group>"; };
		A77AE38D2AF014B800F42C32 /* Utilites.entitlements */ = {isa = PBXFileReference; lastKnownFileType = text.plist.entitlements; path = Utilites.entitlements; sourceTree = "<group>"; };
		A77AE3922AF014B800F42C32 /* UtilitesTests.xctest */ = {isa = PBXFileReference; explicitFileType = wrapper.cfbundle; includeInIndex = 0; path = UtilitesTests.xctest; sourceTree = BUILT_PRODUCTS_DIR; };
		A77AE3962AF014B800F42C32 /* UtilitesTests.swift */ = {isa = PBXFileReference; lastKnownFileType = sourcecode.swift; path = UtilitesTests.swift; sourceTree = "<group>"; };
		A77AE39C2AF014B800F42C32 /* UtilitesUITests.xctest */ = {isa = PBXFileReference; explicitFileType = wrapper.cfbundle; includeInIndex = 0; path = UtilitesUITests.xctest; sourceTree = BUILT_PRODUCTS_DIR; };
		A77AE3A02AF014B800F42C32 /* UtilitesUITests.swift */ = {isa = PBXFileReference; lastKnownFileType = sourcecode.swift; path = UtilitesUITests.swift; sourceTree = "<group>"; };
		A77AE3A22AF014B800F42C32 /* UtilitesUITestsLaunchTests.swift */ = {isa = PBXFileReference; lastKnownFileType = sourcecode.swift; path = UtilitesUITestsLaunchTests.swift; sourceTree = "<group>"; };
		A77AE3B92AF01A2F00F42C32 /* ColorPicker.swift */ = {isa = PBXFileReference; lastKnownFileType = sourcecode.swift; path = ColorPicker.swift; sourceTree = "<group>"; };
		A7AAD3A12AFE96B100EBAFD4 /* ViewLayouter.swift */ = {isa = PBXFileReference; lastKnownFileType = sourcecode.swift; path = ViewLayouter.swift; sourceTree = "<group>"; };
		A7AAD3A32AFE96D000EBAFD4 /* ViewLayoutView.swift */ = {isa = PBXFileReference; lastKnownFileType = sourcecode.swift; path = ViewLayoutView.swift; sourceTree = "<group>"; };
		A7CEED612B013F1700A886FF /* ImageSizeChangerView.swift */ = {isa = PBXFileReference; lastKnownFileType = sourcecode.swift; path = ImageSizeChangerView.swift; sourceTree = "<group>"; };
		A7F25D682AF0353500AC0EBF /* ColorPickerView.swift */ = {isa = PBXFileReference; lastKnownFileType = sourcecode.swift; path = ColorPickerView.swift; sourceTree = "<group>"; };
		A7F25DDE2AF044E400AC0EBF /* Tools.swift */ = {isa = PBXFileReference; lastKnownFileType = sourcecode.swift; path = Tools.swift; sourceTree = "<group>"; };
/* End PBXFileReference section */

/* Begin PBXFrameworksBuildPhase section */
		A77AE37E2AF014B700F42C32 /* Frameworks */ = {
			isa = PBXFrameworksBuildPhase;
			buildActionMask = 2147483647;
			files = (
				A7395B802AF6B3BF00AC5DBC /* HotKey in Frameworks */,
			);
			runOnlyForDeploymentPostprocessing = 0;
		};
		A77AE38F2AF014B800F42C32 /* Frameworks */ = {
			isa = PBXFrameworksBuildPhase;
			buildActionMask = 2147483647;
			files = (
			);
			runOnlyForDeploymentPostprocessing = 0;
		};
		A77AE3992AF014B800F42C32 /* Frameworks */ = {
			isa = PBXFrameworksBuildPhase;
			buildActionMask = 2147483647;
			files = (
			);
			runOnlyForDeploymentPostprocessing = 0;
		};
/* End PBXFrameworksBuildPhase section */

/* Begin PBXGroup section */
		A730DE732AF030B600FB2E33 /* Views */ = {
			isa = PBXGroup;
			children = (
				A730DE6F2AF02F4700FB2E33 /* ContentView.swift */,
				A7F25D682AF0353500AC0EBF /* ColorPickerView.swift */,
				A704C46B2AF07F79005F7F04 /* SettingsView.swift */,
				A7395B852AF6DC1E00AC5DBC /* jsonUI.json */,
				A70E9E862AFD7564007C4717 /* TextStyleCleanerView.swift */,
				A7AAD3A32AFE96D000EBAFD4 /* ViewLayoutView.swift */,
				A7CEED612B013F1700A886FF /* ImageSizeChangerView.swift */,
			);
			path = Views;
			sourceTree = "<group>";
		};
		A77AE3782AF014B700F42C32 = {
			isa = PBXGroup;
			children = (
				A7395B812AF6DAEB00AC5DBC /* Documentation.docc */,
				A77AE3B82AF019B100F42C32 /* Tools */,
				A77AE3832AF014B700F42C32 /* Utilites */,
				A77AE3952AF014B800F42C32 /* UtilitesTests */,
				A77AE39F2AF014B800F42C32 /* UtilitesUITests */,
				A77AE3822AF014B700F42C32 /* Products */,
			);
			sourceTree = "<group>";
		};
		A77AE3822AF014B700F42C32 /* Products */ = {
			isa = PBXGroup;
			children = (
				A77AE3812AF014B700F42C32 /* Utilites.app */,
				A77AE3922AF014B800F42C32 /* UtilitesTests.xctest */,
				A77AE39C2AF014B800F42C32 /* UtilitesUITests.xctest */,
			);
			name = Products;
			sourceTree = "<group>";
		};
		A77AE3832AF014B700F42C32 /* Utilites */ = {
			isa = PBXGroup;
			children = (
				A730DE732AF030B600FB2E33 /* Views */,
				A77AE3842AF014B700F42C32 /* UtilitesApp.swift */,
				A77AE3882AF014B800F42C32 /* Assets.xcassets */,
				A77AE38D2AF014B800F42C32 /* Utilites.entitlements */,
				A77AE38A2AF014B800F42C32 /* Preview Content */,
			);
			path = Utilites;
			sourceTree = "<group>";
		};
		A77AE38A2AF014B800F42C32 /* Preview Content */ = {
			isa = PBXGroup;
			children = (
				A77AE38B2AF014B800F42C32 /* Preview Assets.xcassets */,
			);
			path = "Preview Content";
			sourceTree = "<group>";
		};
		A77AE3952AF014B800F42C32 /* UtilitesTests */ = {
			isa = PBXGroup;
			children = (
				A77AE3962AF014B800F42C32 /* UtilitesTests.swift */,
			);
			path = UtilitesTests;
			sourceTree = "<group>";
		};
		A77AE39F2AF014B800F42C32 /* UtilitesUITests */ = {
			isa = PBXGroup;
			children = (
				A77AE3A02AF014B800F42C32 /* UtilitesUITests.swift */,
				A77AE3A22AF014B800F42C32 /* UtilitesUITestsLaunchTests.swift */,
			);
			path = UtilitesUITests;
			sourceTree = "<group>";
		};
		A77AE3B82AF019B100F42C32 /* Tools */ = {
			isa = PBXGroup;
			children = (
				A77AE3B92AF01A2F00F42C32 /* ColorPicker.swift */,
				A7F25DDE2AF044E400AC0EBF /* Tools.swift */,
				A7395B762AF66D2200AC5DBC /* TextStyleCleaner.swift */,
				A7395B7A2AF678D800AC5DBC /* HotKeyController.swift */,
				A7AAD3A12AFE96B100EBAFD4 /* ViewLayouter.swift */,
			);
			path = Tools;
			sourceTree = "<group>";
		};
/* End PBXGroup section */

/* Begin PBXNativeTarget section */
		A77AE3802AF014B700F42C32 /* Utilites */ = {
			isa = PBXNativeTarget;
			buildConfigurationList = A77AE3A62AF014B800F42C32 /* Build configuration list for PBXNativeTarget "Utilites" */;
			buildPhases = (
				A77AE37D2AF014B700F42C32 /* Sources */,
				A77AE37E2AF014B700F42C32 /* Frameworks */,
				A77AE37F2AF014B700F42C32 /* Resources */,
			);
			buildRules = (
			);
			dependencies = (
			);
			name = Utilites;
			packageProductDependencies = (
				A7395B7F2AF6B3BF00AC5DBC /* HotKey */,
			);
			productName = Utilites;
			productReference = A77AE3812AF014B700F42C32 /* Utilites.app */;
			productType = "com.apple.product-type.application";
		};
		A77AE3912AF014B800F42C32 /* UtilitesTests */ = {
			isa = PBXNativeTarget;
			buildConfigurationList = A77AE3A92AF014B800F42C32 /* Build configuration list for PBXNativeTarget "UtilitesTests" */;
			buildPhases = (
				A77AE38E2AF014B800F42C32 /* Sources */,
				A77AE38F2AF014B800F42C32 /* Frameworks */,
				A77AE3902AF014B800F42C32 /* Resources */,
			);
			buildRules = (
			);
			dependencies = (
				A77AE3942AF014B800F42C32 /* PBXTargetDependency */,
			);
			name = UtilitesTests;
			productName = UtilitesTests;
			productReference = A77AE3922AF014B800F42C32 /* UtilitesTests.xctest */;
			productType = "com.apple.product-type.bundle.unit-test";
		};
		A77AE39B2AF014B800F42C32 /* UtilitesUITests */ = {
			isa = PBXNativeTarget;
			buildConfigurationList = A77AE3AC2AF014B800F42C32 /* Build configuration list for PBXNativeTarget "UtilitesUITests" */;
			buildPhases = (
				A77AE3982AF014B800F42C32 /* Sources */,
				A77AE3992AF014B800F42C32 /* Frameworks */,
				A77AE39A2AF014B800F42C32 /* Resources */,
			);
			buildRules = (
			);
			dependencies = (
				A77AE39E2AF014B800F42C32 /* PBXTargetDependency */,
			);
			name = UtilitesUITests;
			productName = UtilitesUITests;
			productReference = A77AE39C2AF014B800F42C32 /* UtilitesUITests.xctest */;
			productType = "com.apple.product-type.bundle.ui-testing";
		};
/* End PBXNativeTarget section */

/* Begin PBXProject section */
		A77AE3792AF014B700F42C32 /* Project object */ = {
			isa = PBXProject;
			attributes = {
				BuildIndependentTargetsInParallel = 1;
				LastSwiftUpdateCheck = 1500;
				LastUpgradeCheck = 1500;
				TargetAttributes = {
					A77AE3802AF014B700F42C32 = {
						CreatedOnToolsVersion = 15.0.1;
					};
					A77AE3912AF014B800F42C32 = {
						CreatedOnToolsVersion = 15.0.1;
						TestTargetID = A77AE3802AF014B700F42C32;
					};
					A77AE39B2AF014B800F42C32 = {
						CreatedOnToolsVersion = 15.0.1;
						TestTargetID = A77AE3802AF014B700F42C32;
					};
				};
			};
			buildConfigurationList = A77AE37C2AF014B700F42C32 /* Build configuration list for PBXProject "Utilites" */;
			compatibilityVersion = "Xcode 14.0";
			developmentRegion = en;
			hasScannedForEncodings = 0;
			knownRegions = (
				en,
				Base,
			);
			mainGroup = A77AE3782AF014B700F42C32;
			packageReferences = (
				A7395B7E2AF6B3BF00AC5DBC /* XCRemoteSwiftPackageReference "HotKey" */,
			);
			productRefGroup = A77AE3822AF014B700F42C32 /* Products */;
			projectDirPath = "";
			projectRoot = "";
			targets = (
				A77AE3802AF014B700F42C32 /* Utilites */,
				A77AE3912AF014B800F42C32 /* UtilitesTests */,
				A77AE39B2AF014B800F42C32 /* UtilitesUITests */,
			);
		};
/* End PBXProject section */

/* Begin PBXResourcesBuildPhase section */
		A77AE37F2AF014B700F42C32 /* Resources */ = {
			isa = PBXResourcesBuildPhase;
			buildActionMask = 2147483647;
			files = (
				A77AE38C2AF014B800F42C32 /* Preview Assets.xcassets in Resources */,
				A7395B862AF6DC1E00AC5DBC /* jsonUI.json in Resources */,
				A77AE3892AF014B800F42C32 /* Assets.xcassets in Resources */,
			);
			runOnlyForDeploymentPostprocessing = 0;
		};
		A77AE3902AF014B800F42C32 /* Resources */ = {
			isa = PBXResourcesBuildPhase;
			buildActionMask = 2147483647;
			files = (
				A7395B872AF6DC1E00AC5DBC /* jsonUI.json in Resources */,
			);
			runOnlyForDeploymentPostprocessing = 0;
		};
		A77AE39A2AF014B800F42C32 /* Resources */ = {
			isa = PBXResourcesBuildPhase;
			buildActionMask = 2147483647;
			files = (
				A7395B882AF6DC1E00AC5DBC /* jsonUI.json in Resources */,
			);
			runOnlyForDeploymentPostprocessing = 0;
		};
/* End PBXResourcesBuildPhase section */

/* Begin PBXSourcesBuildPhase section */
		A77AE37D2AF014B700F42C32 /* Sources */ = {
			isa = PBXSourcesBuildPhase;
			buildActionMask = 2147483647;
			files = (
				A7F25D692AF0353500AC0EBF /* ColorPickerView.swift in Sources */,
				A7AAD3A22AFE96B100EBAFD4 /* ViewLayouter.swift in Sources */,
				A704C46C2AF07F79005F7F04 /* SettingsView.swift in Sources */,
				A7395B822AF6DAEB00AC5DBC /* Documentation.docc in Sources */,
				A77AE3852AF014B700F42C32 /* UtilitesApp.swift in Sources */,
				A730DE702AF02F4700FB2E33 /* ContentView.swift in Sources */,
				A7AAD3A42AFE96D000EBAFD4 /* ViewLayoutView.swift in Sources */,
				A7F25DDF2AF044E400AC0EBF /* Tools.swift in Sources */,
				A70E9E872AFD7564007C4717 /* TextStyleCleanerView.swift in Sources */,
				A77AE3BA2AF01A2F00F42C32 /* ColorPicker.swift in Sources */,
				A7395B772AF66D2200AC5DBC /* TextStyleCleaner.swift in Sources */,
				A7CEED622B013F1700A886FF /* ImageSizeChangerView.swift in Sources */,
				A7395B7B2AF678D800AC5DBC /* HotKeyController.swift in Sources */,
			);
			runOnlyForDeploymentPostprocessing = 0;
		};
		A77AE38E2AF014B800F42C32 /* Sources */ = {
			isa = PBXSourcesBuildPhase;
			buildActionMask = 2147483647;
			files = (
				A7F25D6A2AF0353500AC0EBF /* ColorPickerView.swift in Sources */,
				A704C46D2AF07F79005F7F04 /* SettingsView.swift in Sources */,
				A7395B832AF6DAEB00AC5DBC /* Documentation.docc in Sources */,
				A77AE3972AF014B800F42C32 /* UtilitesTests.swift in Sources */,
				A77AE3BB2AF01A2F00F42C32 /* ColorPicker.swift in Sources */,
				A7F25DE02AF044E400AC0EBF /* Tools.swift in Sources */,
				A70E9E882AFD7564007C4717 /* TextStyleCleanerView.swift in Sources */,
				A730DE712AF02F4700FB2E33 /* ContentView.swift in Sources */,
				A7395B782AF66D2200AC5DBC /* TextStyleCleaner.swift in Sources */,
				A7395B7C2AF678D800AC5DBC /* HotKeyController.swift in Sources */,
			);
			runOnlyForDeploymentPostprocessing = 0;
		};
		A77AE3982AF014B800F42C32 /* Sources */ = {
			isa = PBXSourcesBuildPhase;
			buildActionMask = 2147483647;
			files = (
				A730DE722AF02F4700FB2E33 /* ContentView.swift in Sources */,
				A7395B7D2AF678D800AC5DBC /* HotKeyController.swift in Sources */,
				A77AE3A32AF014B800F42C32 /* UtilitesUITestsLaunchTests.swift in Sources */,
				A77AE3A12AF014B800F42C32 /* UtilitesUITests.swift in Sources */,
				A70E9E892AFD7564007C4717 /* TextStyleCleanerView.swift in Sources */,
				A704C46E2AF07F79005F7F04 /* SettingsView.swift in Sources */,
				A77AE3BC2AF01A2F00F42C32 /* ColorPicker.swift in Sources */,
				A7395B792AF66D2200AC5DBC /* TextStyleCleaner.swift in Sources */,
				A7395B842AF6DAEB00AC5DBC /* Documentation.docc in Sources */,
				A7F25D6B2AF0353500AC0EBF /* ColorPickerView.swift in Sources */,
				A7F25DE12AF044E400AC0EBF /* Tools.swift in Sources */,
			);
			runOnlyForDeploymentPostprocessing = 0;
		};
/* End PBXSourcesBuildPhase section */

/* Begin PBXTargetDependency section */
		A77AE3942AF014B800F42C32 /* PBXTargetDependency */ = {
			isa = PBXTargetDependency;
			target = A77AE3802AF014B700F42C32 /* Utilites */;
			targetProxy = A77AE3932AF014B800F42C32 /* PBXContainerItemProxy */;
		};
		A77AE39E2AF014B800F42C32 /* PBXTargetDependency */ = {
			isa = PBXTargetDependency;
			target = A77AE3802AF014B700F42C32 /* Utilites */;
			targetProxy = A77AE39D2AF014B800F42C32 /* PBXContainerItemProxy */;
		};
/* End PBXTargetDependency section */

/* Begin XCBuildConfiguration section */
		A77AE3A42AF014B800F42C32 /* Debug */ = {
			isa = XCBuildConfiguration;
			buildSettings = {
				ALWAYS_SEARCH_USER_PATHS = NO;
				ASSETCATALOG_COMPILER_GENERATE_SWIFT_ASSET_SYMBOL_EXTENSIONS = YES;
				CLANG_ANALYZER_NONNULL = YES;
				CLANG_ANALYZER_NUMBER_OBJECT_CONVERSION = YES_AGGRESSIVE;
				CLANG_CXX_LANGUAGE_STANDARD = "gnu++20";
				CLANG_ENABLE_MODULES = YES;
				CLANG_ENABLE_OBJC_ARC = YES;
				CLANG_ENABLE_OBJC_WEAK = YES;
				CLANG_WARN_BLOCK_CAPTURE_AUTORELEASING = YES;
				CLANG_WARN_BOOL_CONVERSION = YES;
				CLANG_WARN_COMMA = YES;
				CLANG_WARN_CONSTANT_CONVERSION = YES;
				CLANG_WARN_DEPRECATED_OBJC_IMPLEMENTATIONS = YES;
				CLANG_WARN_DIRECT_OBJC_ISA_USAGE = YES_ERROR;
				CLANG_WARN_DOCUMENTATION_COMMENTS = YES;
				CLANG_WARN_EMPTY_BODY = YES;
				CLANG_WARN_ENUM_CONVERSION = YES;
				CLANG_WARN_INFINITE_RECURSION = YES;
				CLANG_WARN_INT_CONVERSION = YES;
				CLANG_WARN_NON_LITERAL_NULL_CONVERSION = YES;
				CLANG_WARN_OBJC_IMPLICIT_RETAIN_SELF = YES;
				CLANG_WARN_OBJC_LITERAL_CONVERSION = YES;
				CLANG_WARN_OBJC_ROOT_CLASS = YES_ERROR;
				CLANG_WARN_QUOTED_INCLUDE_IN_FRAMEWORK_HEADER = YES;
				CLANG_WARN_RANGE_LOOP_ANALYSIS = YES;
				CLANG_WARN_STRICT_PROTOTYPES = YES;
				CLANG_WARN_SUSPICIOUS_MOVE = YES;
				CLANG_WARN_UNGUARDED_AVAILABILITY = YES_AGGRESSIVE;
				CLANG_WARN_UNREACHABLE_CODE = YES;
				CLANG_WARN__DUPLICATE_METHOD_MATCH = YES;
				COPY_PHASE_STRIP = NO;
				DEBUG_INFORMATION_FORMAT = dwarf;
				ENABLE_STRICT_OBJC_MSGSEND = YES;
				ENABLE_TESTABILITY = YES;
				ENABLE_USER_SCRIPT_SANDBOXING = YES;
				GCC_C_LANGUAGE_STANDARD = gnu17;
				GCC_DYNAMIC_NO_PIC = NO;
				GCC_NO_COMMON_BLOCKS = YES;
				GCC_OPTIMIZATION_LEVEL = 0;
				GCC_PREPROCESSOR_DEFINITIONS = (
					"DEBUG=1",
					"$(inherited)",
				);
				GCC_WARN_64_TO_32_BIT_CONVERSION = YES;
				GCC_WARN_ABOUT_RETURN_TYPE = YES_ERROR;
				GCC_WARN_UNDECLARED_SELECTOR = YES;
				GCC_WARN_UNINITIALIZED_AUTOS = YES_AGGRESSIVE;
				GCC_WARN_UNUSED_FUNCTION = YES;
				GCC_WARN_UNUSED_VARIABLE = YES;
				LOCALIZATION_PREFERS_STRING_CATALOGS = YES;
				MACOSX_DEPLOYMENT_TARGET = 14.0;
				MTL_ENABLE_DEBUG_INFO = INCLUDE_SOURCE;
				MTL_FAST_MATH = YES;
				ONLY_ACTIVE_ARCH = YES;
				SDKROOT = macosx;
				SWIFT_ACTIVE_COMPILATION_CONDITIONS = "DEBUG $(inherited)";
				SWIFT_OPTIMIZATION_LEVEL = "-Onone";
			};
			name = Debug;
		};
		A77AE3A52AF014B800F42C32 /* Release */ = {
			isa = XCBuildConfiguration;
			buildSettings = {
				ALWAYS_SEARCH_USER_PATHS = NO;
				ASSETCATALOG_COMPILER_GENERATE_SWIFT_ASSET_SYMBOL_EXTENSIONS = YES;
				CLANG_ANALYZER_NONNULL = YES;
				CLANG_ANALYZER_NUMBER_OBJECT_CONVERSION = YES_AGGRESSIVE;
				CLANG_CXX_LANGUAGE_STANDARD = "gnu++20";
				CLANG_ENABLE_MODULES = YES;
				CLANG_ENABLE_OBJC_ARC = YES;
				CLANG_ENABLE_OBJC_WEAK = YES;
				CLANG_WARN_BLOCK_CAPTURE_AUTORELEASING = YES;
				CLANG_WARN_BOOL_CONVERSION = YES;
				CLANG_WARN_COMMA = YES;
				CLANG_WARN_CONSTANT_CONVERSION = YES;
				CLANG_WARN_DEPRECATED_OBJC_IMPLEMENTATIONS = YES;
				CLANG_WARN_DIRECT_OBJC_ISA_USAGE = YES_ERROR;
				CLANG_WARN_DOCUMENTATION_COMMENTS = YES;
				CLANG_WARN_EMPTY_BODY = YES;
				CLANG_WARN_ENUM_CONVERSION = YES;
				CLANG_WARN_INFINITE_RECURSION = YES;
				CLANG_WARN_INT_CONVERSION = YES;
				CLANG_WARN_NON_LITERAL_NULL_CONVERSION = YES;
				CLANG_WARN_OBJC_IMPLICIT_RETAIN_SELF = YES;
				CLANG_WARN_OBJC_LITERAL_CONVERSION = YES;
				CLANG_WARN_OBJC_ROOT_CLASS = YES_ERROR;
				CLANG_WARN_QUOTED_INCLUDE_IN_FRAMEWORK_HEADER = YES;
				CLANG_WARN_RANGE_LOOP_ANALYSIS = YES;
				CLANG_WARN_STRICT_PROTOTYPES = YES;
				CLANG_WARN_SUSPICIOUS_MOVE = YES;
				CLANG_WARN_UNGUARDED_AVAILABILITY = YES_AGGRESSIVE;
				CLANG_WARN_UNREACHABLE_CODE = YES;
				CLANG_WARN__DUPLICATE_METHOD_MATCH = YES;
				COPY_PHASE_STRIP = NO;
				DEBUG_INFORMATION_FORMAT = "dwarf-with-dsym";
				ENABLE_NS_ASSERTIONS = NO;
				ENABLE_STRICT_OBJC_MSGSEND = YES;
				ENABLE_USER_SCRIPT_SANDBOXING = YES;
				GCC_C_LANGUAGE_STANDARD = gnu17;
				GCC_NO_COMMON_BLOCKS = YES;
				GCC_WARN_64_TO_32_BIT_CONVERSION = YES;
				GCC_WARN_ABOUT_RETURN_TYPE = YES_ERROR;
				GCC_WARN_UNDECLARED_SELECTOR = YES;
				GCC_WARN_UNINITIALIZED_AUTOS = YES_AGGRESSIVE;
				GCC_WARN_UNUSED_FUNCTION = YES;
				GCC_WARN_UNUSED_VARIABLE = YES;
				LOCALIZATION_PREFERS_STRING_CATALOGS = YES;
				MACOSX_DEPLOYMENT_TARGET = 14.0;
				MTL_ENABLE_DEBUG_INFO = NO;
				MTL_FAST_MATH = YES;
				SDKROOT = macosx;
				SWIFT_COMPILATION_MODE = wholemodule;
			};
			name = Release;
		};
		A77AE3A72AF014B800F42C32 /* Debug */ = {
			isa = XCBuildConfiguration;
			buildSettings = {
				ASSETCATALOG_COMPILER_APPICON_NAME = AppIcon;
				ASSETCATALOG_COMPILER_GLOBAL_ACCENT_COLOR_NAME = AccentColor;
				CODE_SIGN_ENTITLEMENTS = Utilites/Utilites.entitlements;
				"CODE_SIGN_IDENTITY[sdk=macosx*]" = "-";
				CODE_SIGN_STYLE = Automatic;
				COMBINE_HIDPI_IMAGES = YES;
				CURRENT_PROJECT_VERSION = 1;
				DEVELOPMENT_ASSET_PATHS = "\"Utilites/Preview Content\"";
				DEVELOPMENT_TEAM = "";
				ENABLE_HARDENED_RUNTIME = YES;
				ENABLE_PREVIEWS = YES;
				GENERATE_INFOPLIST_FILE = YES;
				INFOPLIST_KEY_LSApplicationCategoryType = "public.app-category.utilities";
				INFOPLIST_KEY_NSHumanReadableCopyright = "";
				LD_RUNPATH_SEARCH_PATHS = (
					"$(inherited)",
					"@executable_path/../Frameworks",
				);
				MARKETING_VERSION = 1.0;
				PRODUCT_BUNDLE_IDENTIFIER = NotDescription.Utilites;
				PRODUCT_NAME = "$(TARGET_NAME)";
				SWIFT_EMIT_LOC_STRINGS = YES;
				SWIFT_VERSION = 5.0;
			};
			name = Debug;
		};
		A77AE3A82AF014B800F42C32 /* Release */ = {
			isa = XCBuildConfiguration;
			buildSettings = {
				ASSETCATALOG_COMPILER_APPICON_NAME = AppIcon;
				ASSETCATALOG_COMPILER_GLOBAL_ACCENT_COLOR_NAME = AccentColor;
				CODE_SIGN_ENTITLEMENTS = Utilites/Utilites.entitlements;
				"CODE_SIGN_IDENTITY[sdk=macosx*]" = "-";
				CODE_SIGN_STYLE = Automatic;
				COMBINE_HIDPI_IMAGES = YES;
				CURRENT_PROJECT_VERSION = 1;
				DEVELOPMENT_ASSET_PATHS = "\"Utilites/Preview Content\"";
				DEVELOPMENT_TEAM = "";
				ENABLE_HARDENED_RUNTIME = YES;
				ENABLE_PREVIEWS = YES;
				GENERATE_INFOPLIST_FILE = YES;
				INFOPLIST_KEY_LSApplicationCategoryType = "public.app-category.utilities";
				INFOPLIST_KEY_NSHumanReadableCopyright = "";
				LD_RUNPATH_SEARCH_PATHS = (
					"$(inherited)",
					"@executable_path/../Frameworks",
				);
				MARKETING_VERSION = 1.0;
				PRODUCT_BUNDLE_IDENTIFIER = NotDescription.Utilites;
				PRODUCT_NAME = "$(TARGET_NAME)";
				SWIFT_EMIT_LOC_STRINGS = YES;
				SWIFT_VERSION = 5.0;
			};
			name = Release;
		};
		A77AE3AA2AF014B800F42C32 /* Debug */ = {
			isa = XCBuildConfiguration;
			buildSettings = {
				ALWAYS_EMBED_SWIFT_STANDARD_LIBRARIES = YES;
				BUNDLE_LOADER = "$(TEST_HOST)";
				CODE_SIGN_STYLE = Automatic;
				CURRENT_PROJECT_VERSION = 1;
				GENERATE_INFOPLIST_FILE = YES;
				MACOSX_DEPLOYMENT_TARGET = 14.0;
				MARKETING_VERSION = 1.0;
				PRODUCT_BUNDLE_IDENTIFIER = NotDescription.UtilitesTests;
				PRODUCT_NAME = "$(TARGET_NAME)";
				SWIFT_EMIT_LOC_STRINGS = NO;
				SWIFT_VERSION = 5.0;
				TEST_HOST = "$(BUILT_PRODUCTS_DIR)/Utilites.app/$(BUNDLE_EXECUTABLE_FOLDER_PATH)/Utilites";
			};
			name = Debug;
		};
		A77AE3AB2AF014B800F42C32 /* Release */ = {
			isa = XCBuildConfiguration;
			buildSettings = {
				ALWAYS_EMBED_SWIFT_STANDARD_LIBRARIES = YES;
				BUNDLE_LOADER = "$(TEST_HOST)";
				CODE_SIGN_STYLE = Automatic;
				CURRENT_PROJECT_VERSION = 1;
				GENERATE_INFOPLIST_FILE = YES;
				MACOSX_DEPLOYMENT_TARGET = 14.0;
				MARKETING_VERSION = 1.0;
				PRODUCT_BUNDLE_IDENTIFIER = NotDescription.UtilitesTests;
				PRODUCT_NAME = "$(TARGET_NAME)";
				SWIFT_EMIT_LOC_STRINGS = NO;
				SWIFT_VERSION = 5.0;
				TEST_HOST = "$(BUILT_PRODUCTS_DIR)/Utilites.app/$(BUNDLE_EXECUTABLE_FOLDER_PATH)/Utilites";
			};
			name = Release;
		};
		A77AE3AD2AF014B800F42C32 /* Debug */ = {
			isa = XCBuildConfiguration;
			buildSettings = {
				ALWAYS_EMBED_SWIFT_STANDARD_LIBRARIES = YES;
				CODE_SIGN_STYLE = Automatic;
				CURRENT_PROJECT_VERSION = 1;
				GENERATE_INFOPLIST_FILE = YES;
				MARKETING_VERSION = 1.0;
				PRODUCT_BUNDLE_IDENTIFIER = NotDescription.UtilitesUITests;
				PRODUCT_NAME = "$(TARGET_NAME)";
				SWIFT_EMIT_LOC_STRINGS = NO;
				SWIFT_VERSION = 5.0;
				TEST_TARGET_NAME = Utilites;
			};
			name = Debug;
		};
		A77AE3AE2AF014B800F42C32 /* Release */ = {
			isa = XCBuildConfiguration;
			buildSettings = {
				ALWAYS_EMBED_SWIFT_STANDARD_LIBRARIES = YES;
				CODE_SIGN_STYLE = Automatic;
				CURRENT_PROJECT_VERSION = 1;
				GENERATE_INFOPLIST_FILE = YES;
				MARKETING_VERSION = 1.0;
				PRODUCT_BUNDLE_IDENTIFIER = NotDescription.UtilitesUITests;
				PRODUCT_NAME = "$(TARGET_NAME)";
				SWIFT_EMIT_LOC_STRINGS = NO;
				SWIFT_VERSION = 5.0;
				TEST_TARGET_NAME = Utilites;
			};
			name = Release;
		};
/* End XCBuildConfiguration section */

/* Begin XCConfigurationList section */
		A77AE37C2AF014B700F42C32 /* Build configuration list for PBXProject "Utilites" */ = {
			isa = XCConfigurationList;
			buildConfigurations = (
				A77AE3A42AF014B800F42C32 /* Debug */,
				A77AE3A52AF014B800F42C32 /* Release */,
			);
			defaultConfigurationIsVisible = 0;
			defaultConfigurationName = Release;
		};
		A77AE3A62AF014B800F42C32 /* Build configuration list for PBXNativeTarget "Utilites" */ = {
			isa = XCConfigurationList;
			buildConfigurations = (
				A77AE3A72AF014B800F42C32 /* Debug */,
				A77AE3A82AF014B800F42C32 /* Release */,
			);
			defaultConfigurationIsVisible = 0;
			defaultConfigurationName = Release;
		};
		A77AE3A92AF014B800F42C32 /* Build configuration list for PBXNativeTarget "UtilitesTests" */ = {
			isa = XCConfigurationList;
			buildConfigurations = (
				A77AE3AA2AF014B800F42C32 /* Debug */,
				A77AE3AB2AF014B800F42C32 /* Release */,
			);
			defaultConfigurationIsVisible = 0;
			defaultConfigurationName = Release;
		};
		A77AE3AC2AF014B800F42C32 /* Build configuration list for PBXNativeTarget "UtilitesUITests" */ = {
			isa = XCConfigurationList;
			buildConfigurations = (
				A77AE3AD2AF014B800F42C32 /* Debug */,
				A77AE3AE2AF014B800F42C32 /* Release */,
			);
			defaultConfigurationIsVisible = 0;
			defaultConfigurationName = Release;
		};
/* End XCConfigurationList section */

/* Begin XCRemoteSwiftPackageReference section */
		A7395B7E2AF6B3BF00AC5DBC /* XCRemoteSwiftPackageReference "HotKey" */ = {
			isa = XCRemoteSwiftPackageReference;
			repositoryURL = "https://github.com/soffes/HotKey";
			requirement = {
				branch = main;
				kind = branch;
			};
		};
/* End XCRemoteSwiftPackageReference section */

/* Begin XCSwiftPackageProductDependency section */
		A7395B7F2AF6B3BF00AC5DBC /* HotKey */ = {
			isa = XCSwiftPackageProductDependency;
			package = A7395B7E2AF6B3BF00AC5DBC /* XCRemoteSwiftPackageReference "HotKey" */;
			productName = HotKey;
		};
/* End XCSwiftPackageProductDependency section */
	};
	rootObject = A77AE3792AF014B700F42C32 /* Project object */;
}
